// !$*UTF8*$!
{
	archiveVersion = 1;
	classes = {
	};
	objectVersion = 46;
	objects = {

/* Begin PBXBuildFile section */
		39338CDA1DE7EB6C00ABD282 /* main.m in Sources */ = {isa = PBXBuildFile; fileRef = 39338CD91DE7EB6C00ABD282 /* main.m */; };
		39338CDD1DE7EB6C00ABD282 /* AppDelegate.m in Sources */ = {isa = PBXBuildFile; fileRef = 39338CDC1DE7EB6C00ABD282 /* AppDelegate.m */; };
		39338CE01DE7EB6C00ABD282 /* ViewController.m in Sources */ = {isa = PBXBuildFile; fileRef = 39338CDF1DE7EB6C00ABD282 /* ViewController.m */; };
		39338CE31DE7EB6C00ABD282 /* Main.storyboard in Resources */ = {isa = PBXBuildFile; fileRef = 39338CE11DE7EB6C00ABD282 /* Main.storyboard */; };
		39338CE51DE7EB6C00ABD282 /* Assets.xcassets in Resources */ = {isa = PBXBuildFile; fileRef = 39338CE41DE7EB6C00ABD282 /* Assets.xcassets */; };
		39338CE81DE7EB6C00ABD282 /* LaunchScreen.storyboard in Resources */ = {isa = PBXBuildFile; fileRef = 39338CE61DE7EB6C00ABD282 /* LaunchScreen.storyboard */; };
		39338CF31DE7EB6D00ABD282 /* securityTests.m in Sources */ = {isa = PBXBuildFile; fileRef = 39338CF21DE7EB6D00ABD282 /* securityTests.m */; };
		39338CFE1DE7EB6D00ABD282 /* securityUITests.m in Sources */ = {isa = PBXBuildFile; fileRef = 39338CFD1DE7EB6D00ABD282 /* securityUITests.m */; };
		39338D291DE7EB8E00ABD282 /* Documentation.html in Resources */ = {isa = PBXBuildFile; fileRef = 39338D0E1DE7EB8E00ABD282 /* Documentation.html */; };
		39338D2A1DE7EB8E00ABD282 /* GCDAsyncSocket.m in Sources */ = {isa = PBXBuildFile; fileRef = 39338D101DE7EB8E00ABD282 /* GCDAsyncSocket.m */; };
		39338D2B1DE7EB8E00ABD282 /* GCDAsyncUdpSocket.m in Sources */ = {isa = PBXBuildFile; fileRef = 39338D121DE7EB8E00ABD282 /* GCDAsyncUdpSocket.m */; };
		39338D2C1DE7EB8E00ABD282 /* Info.plist in Resources */ = {isa = PBXBuildFile; fileRef = 39338D131DE7EB8E00ABD282 /* Info.plist */; };
		39338D2D1DE7EB8E00ABD282 /* DDAbstractDatabaseLogger.m in Sources */ = {isa = PBXBuildFile; fileRef = 39338D171DE7EB8E00ABD282 /* DDAbstractDatabaseLogger.m */; };
		39338D2E1DE7EB8E00ABD282 /* DDASLLogger.m in Sources */ = {isa = PBXBuildFile; fileRef = 39338D191DE7EB8E00ABD282 /* DDASLLogger.m */; };
		39338D2F1DE7EB8E00ABD282 /* DDFileLogger.m in Sources */ = {isa = PBXBuildFile; fileRef = 39338D1B1DE7EB8E00ABD282 /* DDFileLogger.m */; };
		39338D301DE7EB8E00ABD282 /* DDLog.m in Sources */ = {isa = PBXBuildFile; fileRef = 39338D1E1DE7EB8E00ABD282 /* DDLog.m */; };
		39338D311DE7EB8E00ABD282 /* DDTTYLogger.m in Sources */ = {isa = PBXBuildFile; fileRef = 39338D201DE7EB8E00ABD282 /* DDTTYLogger.m */; };
		39338D321DE7EB8E00ABD282 /* DDContextFilterLogFormatter.m in Sources */ = {isa = PBXBuildFile; fileRef = 39338D231DE7EB8E00ABD282 /* DDContextFilterLogFormatter.m */; };
		39338D331DE7EB8E00ABD282 /* DDDispatchQueueLogFormatter.m in Sources */ = {isa = PBXBuildFile; fileRef = 39338D251DE7EB8E00ABD282 /* DDDispatchQueueLogFormatter.m */; };
		39338D341DE7EB8E00ABD282 /* DDMultiFormatter.m in Sources */ = {isa = PBXBuildFile; fileRef = 39338D271DE7EB8E00ABD282 /* DDMultiFormatter.m */; };
		39338D351DE7EB8E00ABD282 /* README.txt in Resources */ = {isa = PBXBuildFile; fileRef = 39338D281DE7EB8E00ABD282 /* README.txt */; };
		3981ECDC1DEC1AC200203AF3 /* AESEncryption.m in Sources */ = {isa = PBXBuildFile; fileRef = 3981ECD11DEC1AC200203AF3 /* AESEncryption.m */; };
		3981ECDD1DEC1AC200203AF3 /* Base64.m in Sources */ = {isa = PBXBuildFile; fileRef = 3981ECD31DEC1AC200203AF3 /* Base64.m */; };
		3981ECDE1DEC1AC200203AF3 /* CryptoUtil.m in Sources */ = {isa = PBXBuildFile; fileRef = 3981ECD51DEC1AC200203AF3 /* CryptoUtil.m */; };
		3981ECDF1DEC1AC200203AF3 /* KeychainUtil.m in Sources */ = {isa = PBXBuildFile; fileRef = 3981ECD71DEC1AC200203AF3 /* KeychainUtil.m */; };
		3981ECE01DEC1AC200203AF3 /* KeyHelper.m in Sources */ = {isa = PBXBuildFile; fileRef = 3981ECD91DEC1AC200203AF3 /* KeyHelper.m */; };
		3981ECE11DEC1AC200203AF3 /* RsaHelper.m in Sources */ = {isa = PBXBuildFile; fileRef = 3981ECDB1DEC1AC200203AF3 /* RsaHelper.m */; };
		3981ECE41DEC4F0000203AF3 /* NSData+AES256.m in Sources */ = {isa = PBXBuildFile; fileRef = 3981ECE31DEC4F0000203AF3 /* NSData+AES256.m */; };
		3981ED151DEC771E00203AF3 /* RNCryptor.m in Sources */ = {isa = PBXBuildFile; fileRef = 3981ED0E1DEC771E00203AF3 /* RNCryptor.m */; };
		3981ED161DEC771E00203AF3 /* RNCryptorEngine.m in Sources */ = {isa = PBXBuildFile; fileRef = 3981ED101DEC771E00203AF3 /* RNCryptorEngine.m */; };
		3981ED171DEC771E00203AF3 /* RNDecryptor.m in Sources */ = {isa = PBXBuildFile; fileRef = 3981ED121DEC771E00203AF3 /* RNDecryptor.m */; };
		3981ED181DEC771E00203AF3 /* RNEncryptor.m in Sources */ = {isa = PBXBuildFile; fileRef = 3981ED141DEC771E00203AF3 /* RNEncryptor.m */; };
		39A14AFE1DE9469800199C8E /* StarViewController.m in Sources */ = {isa = PBXBuildFile; fileRef = 39A14AFD1DE9469800199C8E /* StarViewController.m */; };
		39EA42A61DED2C0200B03ED4 /* Security.framework in Frameworks */ = {isa = PBXBuildFile; fileRef = 39A14B001DE958E100199C8E /* Security.framework */; };
/* End PBXBuildFile section */

/* Begin PBXContainerItemProxy section */
		39338CEF1DE7EB6C00ABD282 /* PBXContainerItemProxy */ = {
			isa = PBXContainerItemProxy;
			containerPortal = 39338CCD1DE7EB6C00ABD282 /* Project object */;
			proxyType = 1;
			remoteGlobalIDString = 39338CD41DE7EB6C00ABD282;
			remoteInfo = security;
		};
		39338CFA1DE7EB6D00ABD282 /* PBXContainerItemProxy */ = {
			isa = PBXContainerItemProxy;
			containerPortal = 39338CCD1DE7EB6C00ABD282 /* Project object */;
			proxyType = 1;
			remoteGlobalIDString = 39338CD41DE7EB6C00ABD282;
			remoteInfo = security;
		};
/* End PBXContainerItemProxy section */

/* Begin PBXFileReference section */
		39338CD51DE7EB6C00ABD282 /* security.app */ = {isa = PBXFileReference; explicitFileType = wrapper.application; includeInIndex = 0; path = security.app; sourceTree = BUILT_PRODUCTS_DIR; };
		39338CD91DE7EB6C00ABD282 /* main.m */ = {isa = PBXFileReference; lastKnownFileType = sourcecode.c.objc; path = main.m; sourceTree = "<group>"; };
		39338CDB1DE7EB6C00ABD282 /* AppDelegate.h */ = {isa = PBXFileReference; lastKnownFileType = sourcecode.c.h; path = AppDelegate.h; sourceTree = "<group>"; };
		39338CDC1DE7EB6C00ABD282 /* AppDelegate.m */ = {isa = PBXFileReference; lastKnownFileType = sourcecode.c.objc; path = AppDelegate.m; sourceTree = "<group>"; };
		39338CDE1DE7EB6C00ABD282 /* ViewController.h */ = {isa = PBXFileReference; lastKnownFileType = sourcecode.c.h; path = ViewController.h; sourceTree = "<group>"; };
		39338CDF1DE7EB6C00ABD282 /* ViewController.m */ = {isa = PBXFileReference; lastKnownFileType = sourcecode.c.objc; path = ViewController.m; sourceTree = "<group>"; };
		39338CE21DE7EB6C00ABD282 /* Base */ = {isa = PBXFileReference; lastKnownFileType = file.storyboard; name = Base; path = Base.lproj/Main.storyboard; sourceTree = "<group>"; };
		39338CE41DE7EB6C00ABD282 /* Assets.xcassets */ = {isa = PBXFileReference; lastKnownFileType = folder.assetcatalog; path = Assets.xcassets; sourceTree = "<group>"; };
		39338CE71DE7EB6C00ABD282 /* Base */ = {isa = PBXFileReference; lastKnownFileType = file.storyboard; name = Base; path = Base.lproj/LaunchScreen.storyboard; sourceTree = "<group>"; };
		39338CE91DE7EB6C00ABD282 /* Info.plist */ = {isa = PBXFileReference; lastKnownFileType = text.plist.xml; path = Info.plist; sourceTree = "<group>"; };
		39338CEE1DE7EB6C00ABD282 /* securityTests.xctest */ = {isa = PBXFileReference; explicitFileType = wrapper.cfbundle; includeInIndex = 0; path = securityTests.xctest; sourceTree = BUILT_PRODUCTS_DIR; };
		39338CF21DE7EB6D00ABD282 /* securityTests.m */ = {isa = PBXFileReference; lastKnownFileType = sourcecode.c.objc; path = securityTests.m; sourceTree = "<group>"; };
		39338CF41DE7EB6D00ABD282 /* Info.plist */ = {isa = PBXFileReference; lastKnownFileType = text.plist.xml; path = Info.plist; sourceTree = "<group>"; };
		39338CF91DE7EB6D00ABD282 /* securityUITests.xctest */ = {isa = PBXFileReference; explicitFileType = wrapper.cfbundle; includeInIndex = 0; path = securityUITests.xctest; sourceTree = BUILT_PRODUCTS_DIR; };
		39338CFD1DE7EB6D00ABD282 /* securityUITests.m */ = {isa = PBXFileReference; lastKnownFileType = sourcecode.c.objc; path = securityUITests.m; sourceTree = "<group>"; };
		39338CFF1DE7EB6D00ABD282 /* Info.plist */ = {isa = PBXFileReference; lastKnownFileType = text.plist.xml; path = Info.plist; sourceTree = "<group>"; };
		39338D0C1DE7EB8E00ABD282 /* CocoaAsyncSocket.h */ = {isa = PBXFileReference; fileEncoding = 4; lastKnownFileType = sourcecode.c.h; path = CocoaAsyncSocket.h; sourceTree = "<group>"; };
		39338D0E1DE7EB8E00ABD282 /* Documentation.html */ = {isa = PBXFileReference; fileEncoding = 4; lastKnownFileType = text.html; path = Documentation.html; sourceTree = "<group>"; };
		39338D0F1DE7EB8E00ABD282 /* GCDAsyncSocket.h */ = {isa = PBXFileReference; fileEncoding = 4; lastKnownFileType = sourcecode.c.h; path = GCDAsyncSocket.h; sourceTree = "<group>"; };
		39338D101DE7EB8E00ABD282 /* GCDAsyncSocket.m */ = {isa = PBXFileReference; fileEncoding = 4; lastKnownFileType = sourcecode.c.objc; path = GCDAsyncSocket.m; sourceTree = "<group>"; };
		39338D111DE7EB8E00ABD282 /* GCDAsyncUdpSocket.h */ = {isa = PBXFileReference; fileEncoding = 4; lastKnownFileType = sourcecode.c.h; path = GCDAsyncUdpSocket.h; sourceTree = "<group>"; };
		39338D121DE7EB8E00ABD282 /* GCDAsyncUdpSocket.m */ = {isa = PBXFileReference; fileEncoding = 4; lastKnownFileType = sourcecode.c.objc; path = GCDAsyncUdpSocket.m; sourceTree = "<group>"; };
		39338D131DE7EB8E00ABD282 /* Info.plist */ = {isa = PBXFileReference; fileEncoding = 4; lastKnownFileType = text.plist.xml; path = Info.plist; sourceTree = "<group>"; };
		39338D161DE7EB8E00ABD282 /* DDAbstractDatabaseLogger.h */ = {isa = PBXFileReference; fileEncoding = 4; lastKnownFileType = sourcecode.c.h; path = DDAbstractDatabaseLogger.h; sourceTree = "<group>"; };
		39338D171DE7EB8E00ABD282 /* DDAbstractDatabaseLogger.m */ = {isa = PBXFileReference; fileEncoding = 4; lastKnownFileType = sourcecode.c.objc; path = DDAbstractDatabaseLogger.m; sourceTree = "<group>"; };
		39338D181DE7EB8E00ABD282 /* DDASLLogger.h */ = {isa = PBXFileReference; fileEncoding = 4; lastKnownFileType = sourcecode.c.h; path = DDASLLogger.h; sourceTree = "<group>"; };
		39338D191DE7EB8E00ABD282 /* DDASLLogger.m */ = {isa = PBXFileReference; fileEncoding = 4; lastKnownFileType = sourcecode.c.objc; path = DDASLLogger.m; sourceTree = "<group>"; };
		39338D1A1DE7EB8E00ABD282 /* DDFileLogger.h */ = {isa = PBXFileReference; fileEncoding = 4; lastKnownFileType = sourcecode.c.h; path = DDFileLogger.h; sourceTree = "<group>"; };
		39338D1B1DE7EB8E00ABD282 /* DDFileLogger.m */ = {isa = PBXFileReference; fileEncoding = 4; lastKnownFileType = sourcecode.c.objc; path = DDFileLogger.m; sourceTree = "<group>"; };
		39338D1C1DE7EB8E00ABD282 /* DDLog+LOGV.h */ = {isa = PBXFileReference; fileEncoding = 4; lastKnownFileType = sourcecode.c.h; path = "DDLog+LOGV.h"; sourceTree = "<group>"; };
		39338D1D1DE7EB8E00ABD282 /* DDLog.h */ = {isa = PBXFileReference; fileEncoding = 4; lastKnownFileType = sourcecode.c.h; path = DDLog.h; sourceTree = "<group>"; };
		39338D1E1DE7EB8E00ABD282 /* DDLog.m */ = {isa = PBXFileReference; fileEncoding = 4; lastKnownFileType = sourcecode.c.objc; path = DDLog.m; sourceTree = "<group>"; };
		39338D1F1DE7EB8E00ABD282 /* DDTTYLogger.h */ = {isa = PBXFileReference; fileEncoding = 4; lastKnownFileType = sourcecode.c.h; path = DDTTYLogger.h; sourceTree = "<group>"; };
		39338D201DE7EB8E00ABD282 /* DDTTYLogger.m */ = {isa = PBXFileReference; fileEncoding = 4; lastKnownFileType = sourcecode.c.objc; path = DDTTYLogger.m; sourceTree = "<group>"; };
		39338D221DE7EB8E00ABD282 /* DDContextFilterLogFormatter.h */ = {isa = PBXFileReference; fileEncoding = 4; lastKnownFileType = sourcecode.c.h; path = DDContextFilterLogFormatter.h; sourceTree = "<group>"; };
		39338D231DE7EB8E00ABD282 /* DDContextFilterLogFormatter.m */ = {isa = PBXFileReference; fileEncoding = 4; lastKnownFileType = sourcecode.c.objc; path = DDContextFilterLogFormatter.m; sourceTree = "<group>"; };
		39338D241DE7EB8E00ABD282 /* DDDispatchQueueLogFormatter.h */ = {isa = PBXFileReference; fileEncoding = 4; lastKnownFileType = sourcecode.c.h; path = DDDispatchQueueLogFormatter.h; sourceTree = "<group>"; };
		39338D251DE7EB8E00ABD282 /* DDDispatchQueueLogFormatter.m */ = {isa = PBXFileReference; fileEncoding = 4; lastKnownFileType = sourcecode.c.objc; path = DDDispatchQueueLogFormatter.m; sourceTree = "<group>"; };
		39338D261DE7EB8E00ABD282 /* DDMultiFormatter.h */ = {isa = PBXFileReference; fileEncoding = 4; lastKnownFileType = sourcecode.c.h; path = DDMultiFormatter.h; sourceTree = "<group>"; };
		39338D271DE7EB8E00ABD282 /* DDMultiFormatter.m */ = {isa = PBXFileReference; fileEncoding = 4; lastKnownFileType = sourcecode.c.objc; path = DDMultiFormatter.m; sourceTree = "<group>"; };
		39338D281DE7EB8E00ABD282 /* README.txt */ = {isa = PBXFileReference; fileEncoding = 4; lastKnownFileType = text; path = README.txt; sourceTree = "<group>"; };
		3981ECD01DEC1AC200203AF3 /* AESEncryption.h */ = {isa = PBXFileReference; fileEncoding = 4; lastKnownFileType = sourcecode.c.h; path = AESEncryption.h; sourceTree = "<group>"; };
		3981ECD11DEC1AC200203AF3 /* AESEncryption.m */ = {isa = PBXFileReference; fileEncoding = 4; lastKnownFileType = sourcecode.c.objc; path = AESEncryption.m; sourceTree = "<group>"; };
		3981ECD21DEC1AC200203AF3 /* Base64.h */ = {isa = PBXFileReference; fileEncoding = 4; lastKnownFileType = sourcecode.c.h; path = Base64.h; sourceTree = "<group>"; };
		3981ECD31DEC1AC200203AF3 /* Base64.m */ = {isa = PBXFileReference; fileEncoding = 4; lastKnownFileType = sourcecode.c.objc; path = Base64.m; sourceTree = "<group>"; };
		3981ECD41DEC1AC200203AF3 /* CryptoUtil.h */ = {isa = PBXFileReference; fileEncoding = 4; lastKnownFileType = sourcecode.c.h; path = CryptoUtil.h; sourceTree = "<group>"; };
		3981ECD51DEC1AC200203AF3 /* CryptoUtil.m */ = {isa = PBXFileReference; fileEncoding = 4; lastKnownFileType = sourcecode.c.objc; path = CryptoUtil.m; sourceTree = "<group>"; };
		3981ECD61DEC1AC200203AF3 /* KeychainUtil.h */ = {isa = PBXFileReference; fileEncoding = 4; lastKnownFileType = sourcecode.c.h; path = KeychainUtil.h; sourceTree = "<group>"; };
		3981ECD71DEC1AC200203AF3 /* KeychainUtil.m */ = {isa = PBXFileReference; fileEncoding = 4; lastKnownFileType = sourcecode.c.objc; path = KeychainUtil.m; sourceTree = "<group>"; };
		3981ECD81DEC1AC200203AF3 /* KeyHelper.h */ = {isa = PBXFileReference; fileEncoding = 4; lastKnownFileType = sourcecode.c.h; path = KeyHelper.h; sourceTree = "<group>"; };
		3981ECD91DEC1AC200203AF3 /* KeyHelper.m */ = {isa = PBXFileReference; fileEncoding = 4; lastKnownFileType = sourcecode.c.objc; path = KeyHelper.m; sourceTree = "<group>"; };
		3981ECDA1DEC1AC200203AF3 /* RsaHelper.h */ = {isa = PBXFileReference; fileEncoding = 4; lastKnownFileType = sourcecode.c.h; path = RsaHelper.h; sourceTree = "<group>"; };
		3981ECDB1DEC1AC200203AF3 /* RsaHelper.m */ = {isa = PBXFileReference; fileEncoding = 4; lastKnownFileType = sourcecode.c.objc; path = RsaHelper.m; sourceTree = "<group>"; };
		3981ECE21DEC4F0000203AF3 /* NSData+AES256.h */ = {isa = PBXFileReference; fileEncoding = 4; lastKnownFileType = sourcecode.c.h; path = "NSData+AES256.h"; sourceTree = "<group>"; };
		3981ECE31DEC4F0000203AF3 /* NSData+AES256.m */ = {isa = PBXFileReference; fileEncoding = 4; lastKnownFileType = sourcecode.c.objc; path = "NSData+AES256.m"; sourceTree = "<group>"; };
		3981ED0B1DEC771E00203AF3 /* RNCryptor+Private.h */ = {isa = PBXFileReference; fileEncoding = 4; lastKnownFileType = sourcecode.c.h; path = "RNCryptor+Private.h"; sourceTree = "<group>"; };
		3981ED0C1DEC771E00203AF3 /* RNCryptor-Prefix.pch */ = {isa = PBXFileReference; fileEncoding = 4; lastKnownFileType = sourcecode.c.h; path = "RNCryptor-Prefix.pch"; sourceTree = "<group>"; };
		3981ED0D1DEC771E00203AF3 /* RNCryptor.h */ = {isa = PBXFileReference; fileEncoding = 4; lastKnownFileType = sourcecode.c.h; path = RNCryptor.h; sourceTree = "<group>"; };
		3981ED0E1DEC771E00203AF3 /* RNCryptor.m */ = {isa = PBXFileReference; fileEncoding = 4; lastKnownFileType = sourcecode.c.objc; path = RNCryptor.m; sourceTree = "<group>"; };
		3981ED0F1DEC771E00203AF3 /* RNCryptorEngine.h */ = {isa = PBXFileReference; fileEncoding = 4; lastKnownFileType = sourcecode.c.h; path = RNCryptorEngine.h; sourceTree = "<group>"; };
		3981ED101DEC771E00203AF3 /* RNCryptorEngine.m */ = {isa = PBXFileReference; fileEncoding = 4; lastKnownFileType = sourcecode.c.objc; path = RNCryptorEngine.m; sourceTree = "<group>"; };
		3981ED111DEC771E00203AF3 /* RNDecryptor.h */ = {isa = PBXFileReference; fileEncoding = 4; lastKnownFileType = sourcecode.c.h; path = RNDecryptor.h; sourceTree = "<group>"; };
		3981ED121DEC771E00203AF3 /* RNDecryptor.m */ = {isa = PBXFileReference; fileEncoding = 4; lastKnownFileType = sourcecode.c.objc; path = RNDecryptor.m; sourceTree = "<group>"; };
		3981ED131DEC771E00203AF3 /* RNEncryptor.h */ = {isa = PBXFileReference; fileEncoding = 4; lastKnownFileType = sourcecode.c.h; path = RNEncryptor.h; sourceTree = "<group>"; };
		3981ED141DEC771E00203AF3 /* RNEncryptor.m */ = {isa = PBXFileReference; fileEncoding = 4; lastKnownFileType = sourcecode.c.objc; path = RNEncryptor.m; sourceTree = "<group>"; };
		39A14AFC1DE9469800199C8E /* StarViewController.h */ = {isa = PBXFileReference; fileEncoding = 4; lastKnownFileType = sourcecode.c.h; path = StarViewController.h; sourceTree = "<group>"; };
		39A14AFD1DE9469800199C8E /* StarViewController.m */ = {isa = PBXFileReference; fileEncoding = 4; lastKnownFileType = sourcecode.c.objc; path = StarViewController.m; sourceTree = "<group>"; };
		39A14B001DE958E100199C8E /* Security.framework */ = {isa = PBXFileReference; lastKnownFileType = wrapper.framework; name = Security.framework; path = System/Library/Frameworks/Security.framework; sourceTree = SDKROOT; };
/* End PBXFileReference section */

/* Begin PBXFrameworksBuildPhase section */
		39338CD21DE7EB6C00ABD282 /* Frameworks */ = {
			isa = PBXFrameworksBuildPhase;
			buildActionMask = 2147483647;
			files = (
				39EA42A61DED2C0200B03ED4 /* Security.framework in Frameworks */,
			);
			runOnlyForDeploymentPostprocessing = 0;
		};
		39338CEB1DE7EB6C00ABD282 /* Frameworks */ = {
			isa = PBXFrameworksBuildPhase;
			buildActionMask = 2147483647;
			files = (
			);
			runOnlyForDeploymentPostprocessing = 0;
		};
		39338CF61DE7EB6D00ABD282 /* Frameworks */ = {
			isa = PBXFrameworksBuildPhase;
			buildActionMask = 2147483647;
			files = (
			);
			runOnlyForDeploymentPostprocessing = 0;
		};
/* End PBXFrameworksBuildPhase section */

/* Begin PBXGroup section */
		39338CCC1DE7EB6C00ABD282 = {
			isa = PBXGroup;
			children = (
				39338CD71DE7EB6C00ABD282 /* security */,
				39338CF11DE7EB6D00ABD282 /* securityTests */,
				39338CFC1DE7EB6D00ABD282 /* securityUITests */,
				39338CD61DE7EB6C00ABD282 /* Products */,
				39A14AFF1DE958E100199C8E /* Frameworks */,
			);
			sourceTree = "<group>";
		};
		39338CD61DE7EB6C00ABD282 /* Products */ = {
			isa = PBXGroup;
			children = (
				39338CD51DE7EB6C00ABD282 /* security.app */,
				39338CEE1DE7EB6C00ABD282 /* securityTests.xctest */,
				39338CF91DE7EB6D00ABD282 /* securityUITests.xctest */,
			);
			name = Products;
			sourceTree = "<group>";
		};
		39338CD71DE7EB6C00ABD282 /* security */ = {
			isa = PBXGroup;
			children = (
				3981ED0A1DEC771E00203AF3 /* RNCryptor */,
				3981ECCF1DEC1A8600203AF3 /* RsaEncryption */,
				39338D0B1DE7EB8E00ABD282 /* CocoaAsyncSocket */,
				39338CDB1DE7EB6C00ABD282 /* AppDelegate.h */,
				39338CDC1DE7EB6C00ABD282 /* AppDelegate.m */,
				39A14AFC1DE9469800199C8E /* StarViewController.h */,
				39A14AFD1DE9469800199C8E /* StarViewController.m */,
				39338CDE1DE7EB6C00ABD282 /* ViewController.h */,
				39338CDF1DE7EB6C00ABD282 /* ViewController.m */,
				39338CE11DE7EB6C00ABD282 /* Main.storyboard */,
				39338CE41DE7EB6C00ABD282 /* Assets.xcassets */,
				39338CE61DE7EB6C00ABD282 /* LaunchScreen.storyboard */,
				39338CE91DE7EB6C00ABD282 /* Info.plist */,
				39338CD81DE7EB6C00ABD282 /* Supporting Files */,
			);
			path = security;
			sourceTree = "<group>";
		};
		39338CD81DE7EB6C00ABD282 /* Supporting Files */ = {
			isa = PBXGroup;
			children = (
				39338CD91DE7EB6C00ABD282 /* main.m */,
			);
			name = "Supporting Files";
			sourceTree = "<group>";
		};
		39338CF11DE7EB6D00ABD282 /* securityTests */ = {
			isa = PBXGroup;
			children = (
				39338CF21DE7EB6D00ABD282 /* securityTests.m */,
				39338CF41DE7EB6D00ABD282 /* Info.plist */,
			);
			path = securityTests;
			sourceTree = "<group>";
		};
		39338CFC1DE7EB6D00ABD282 /* securityUITests */ = {
			isa = PBXGroup;
			children = (
				39338CFD1DE7EB6D00ABD282 /* securityUITests.m */,
				39338CFF1DE7EB6D00ABD282 /* Info.plist */,
			);
			path = securityUITests;
			sourceTree = "<group>";
		};
		39338D0B1DE7EB8E00ABD282 /* CocoaAsyncSocket */ = {
			isa = PBXGroup;
			children = (
				39338D0C1DE7EB8E00ABD282 /* CocoaAsyncSocket.h */,
				39338D0D1DE7EB8E00ABD282 /* GCD */,
				39338D131DE7EB8E00ABD282 /* Info.plist */,
				39338D141DE7EB8E00ABD282 /* Vendor */,
			);
			name = CocoaAsyncSocket;
			path = Source;
			sourceTree = "<group>";
		};
		39338D0D1DE7EB8E00ABD282 /* GCD */ = {
			isa = PBXGroup;
			children = (
				39338D0E1DE7EB8E00ABD282 /* Documentation.html */,
				39338D0F1DE7EB8E00ABD282 /* GCDAsyncSocket.h */,
				39338D101DE7EB8E00ABD282 /* GCDAsyncSocket.m */,
				39338D111DE7EB8E00ABD282 /* GCDAsyncUdpSocket.h */,
				39338D121DE7EB8E00ABD282 /* GCDAsyncUdpSocket.m */,
			);
			path = GCD;
			sourceTree = "<group>";
		};
		39338D141DE7EB8E00ABD282 /* Vendor */ = {
			isa = PBXGroup;
			children = (
				39338D151DE7EB8E00ABD282 /* CocoaLumberjack */,
			);
			path = Vendor;
			sourceTree = "<group>";
		};
		39338D151DE7EB8E00ABD282 /* CocoaLumberjack */ = {
			isa = PBXGroup;
			children = (
				39338D161DE7EB8E00ABD282 /* DDAbstractDatabaseLogger.h */,
				39338D171DE7EB8E00ABD282 /* DDAbstractDatabaseLogger.m */,
				39338D181DE7EB8E00ABD282 /* DDASLLogger.h */,
				39338D191DE7EB8E00ABD282 /* DDASLLogger.m */,
				39338D1A1DE7EB8E00ABD282 /* DDFileLogger.h */,
				39338D1B1DE7EB8E00ABD282 /* DDFileLogger.m */,
				39338D1C1DE7EB8E00ABD282 /* DDLog+LOGV.h */,
				39338D1D1DE7EB8E00ABD282 /* DDLog.h */,
				39338D1E1DE7EB8E00ABD282 /* DDLog.m */,
				39338D1F1DE7EB8E00ABD282 /* DDTTYLogger.h */,
				39338D201DE7EB8E00ABD282 /* DDTTYLogger.m */,
				39338D211DE7EB8E00ABD282 /* Extensions */,
			);
			path = CocoaLumberjack;
			sourceTree = "<group>";
		};
		39338D211DE7EB8E00ABD282 /* Extensions */ = {
			isa = PBXGroup;
			children = (
				39338D221DE7EB8E00ABD282 /* DDContextFilterLogFormatter.h */,
				39338D231DE7EB8E00ABD282 /* DDContextFilterLogFormatter.m */,
				39338D241DE7EB8E00ABD282 /* DDDispatchQueueLogFormatter.h */,
				39338D251DE7EB8E00ABD282 /* DDDispatchQueueLogFormatter.m */,
				39338D261DE7EB8E00ABD282 /* DDMultiFormatter.h */,
				39338D271DE7EB8E00ABD282 /* DDMultiFormatter.m */,
				39338D281DE7EB8E00ABD282 /* README.txt */,
			);
			path = Extensions;
			sourceTree = "<group>";
		};
		3981ECCF1DEC1A8600203AF3 /* RsaEncryption */ = {
			isa = PBXGroup;
			children = (
				3981ECD01DEC1AC200203AF3 /* AESEncryption.h */,
				3981ECD11DEC1AC200203AF3 /* AESEncryption.m */,
				3981ECD21DEC1AC200203AF3 /* Base64.h */,
				3981ECD31DEC1AC200203AF3 /* Base64.m */,
				3981ECD41DEC1AC200203AF3 /* CryptoUtil.h */,
				3981ECD51DEC1AC200203AF3 /* CryptoUtil.m */,
				3981ECD61DEC1AC200203AF3 /* KeychainUtil.h */,
				3981ECD71DEC1AC200203AF3 /* KeychainUtil.m */,
				3981ECD81DEC1AC200203AF3 /* KeyHelper.h */,
				3981ECD91DEC1AC200203AF3 /* KeyHelper.m */,
				3981ECDA1DEC1AC200203AF3 /* RsaHelper.h */,
				3981ECDB1DEC1AC200203AF3 /* RsaHelper.m */,
				3981ECE21DEC4F0000203AF3 /* NSData+AES256.h */,
				3981ECE31DEC4F0000203AF3 /* NSData+AES256.m */,
			);
			name = RsaEncryption;
			sourceTree = "<group>";
		};
		3981ED0A1DEC771E00203AF3 /* RNCryptor */ = {
			isa = PBXGroup;
			children = (
				3981ED0B1DEC771E00203AF3 /* RNCryptor+Private.h */,
				3981ED0C1DEC771E00203AF3 /* RNCryptor-Prefix.pch */,
				3981ED0D1DEC771E00203AF3 /* RNCryptor.h */,
				3981ED0E1DEC771E00203AF3 /* RNCryptor.m */,
				3981ED0F1DEC771E00203AF3 /* RNCryptorEngine.h */,
				3981ED101DEC771E00203AF3 /* RNCryptorEngine.m */,
				3981ED111DEC771E00203AF3 /* RNDecryptor.h */,
				3981ED121DEC771E00203AF3 /* RNDecryptor.m */,
				3981ED131DEC771E00203AF3 /* RNEncryptor.h */,
				3981ED141DEC771E00203AF3 /* RNEncryptor.m */,
			);
			path = RNCryptor;
			sourceTree = "<group>";
		};
		39A14AFF1DE958E100199C8E /* Frameworks */ = {
			isa = PBXGroup;
			children = (
				39A14B001DE958E100199C8E /* Security.framework */,
			);
			name = Frameworks;
			sourceTree = "<group>";
		};
/* End PBXGroup section */

/* Begin PBXNativeTarget section */
		39338CD41DE7EB6C00ABD282 /* security */ = {
			isa = PBXNativeTarget;
			buildConfigurationList = 39338D021DE7EB6D00ABD282 /* Build configuration list for PBXNativeTarget "security" */;
			buildPhases = (
				39338CD11DE7EB6C00ABD282 /* Sources */,
				39338CD21DE7EB6C00ABD282 /* Frameworks */,
				39338CD31DE7EB6C00ABD282 /* Resources */,
			);
			buildRules = (
			);
			dependencies = (
			);
			name = security;
			productName = security;
			productReference = 39338CD51DE7EB6C00ABD282 /* security.app */;
			productType = "com.apple.product-type.application";
		};
		39338CED1DE7EB6C00ABD282 /* securityTests */ = {
			isa = PBXNativeTarget;
			buildConfigurationList = 39338D051DE7EB6D00ABD282 /* Build configuration list for PBXNativeTarget "securityTests" */;
			buildPhases = (
				39338CEA1DE7EB6C00ABD282 /* Sources */,
				39338CEB1DE7EB6C00ABD282 /* Frameworks */,
				39338CEC1DE7EB6C00ABD282 /* Resources */,
			);
			buildRules = (
			);
			dependencies = (
				39338CF01DE7EB6C00ABD282 /* PBXTargetDependency */,
			);
			name = securityTests;
			productName = securityTests;
			productReference = 39338CEE1DE7EB6C00ABD282 /* securityTests.xctest */;
			productType = "com.apple.product-type.bundle.unit-test";
		};
		39338CF81DE7EB6D00ABD282 /* securityUITests */ = {
			isa = PBXNativeTarget;
			buildConfigurationList = 39338D081DE7EB6D00ABD282 /* Build configuration list for PBXNativeTarget "securityUITests" */;
			buildPhases = (
				39338CF51DE7EB6D00ABD282 /* Sources */,
				39338CF61DE7EB6D00ABD282 /* Frameworks */,
				39338CF71DE7EB6D00ABD282 /* Resources */,
			);
			buildRules = (
			);
			dependencies = (
				39338CFB1DE7EB6D00ABD282 /* PBXTargetDependency */,
			);
			name = securityUITests;
			productName = securityUITests;
			productReference = 39338CF91DE7EB6D00ABD282 /* securityUITests.xctest */;
			productType = "com.apple.product-type.bundle.ui-testing";
		};
/* End PBXNativeTarget section */

/* Begin PBXProject section */
		39338CCD1DE7EB6C00ABD282 /* Project object */ = {
			isa = PBXProject;
			attributes = {
				LastUpgradeCheck = 0810;
				ORGANIZATIONNAME = "辉仔";
				TargetAttributes = {
					39338CD41DE7EB6C00ABD282 = {
						CreatedOnToolsVersion = 8.1;
						DevelopmentTeam = 9ZHS9H5Z29;
						LastSwiftMigration = 0810;
						ProvisioningStyle = Automatic;
						SystemCapabilities = {
							com.apple.Keychain = {
								enabled = 0;
							};
						};
					};
					39338CED1DE7EB6C00ABD282 = {
						CreatedOnToolsVersion = 8.1;
						DevelopmentTeam = 9ZHS9H5Z29;
						ProvisioningStyle = Automatic;
						TestTargetID = 39338CD41DE7EB6C00ABD282;
					};
					39338CF81DE7EB6D00ABD282 = {
						CreatedOnToolsVersion = 8.1;
						DevelopmentTeam = 9ZHS9H5Z29;
						ProvisioningStyle = Automatic;
						TestTargetID = 39338CD41DE7EB6C00ABD282;
					};
				};
			};
			buildConfigurationList = 39338CD01DE7EB6C00ABD282 /* Build configuration list for PBXProject "security" */;
			compatibilityVersion = "Xcode 3.2";
			developmentRegion = English;
			hasScannedForEncodings = 0;
			knownRegions = (
				en,
				Base,
			);
			mainGroup = 39338CCC1DE7EB6C00ABD282;
			productRefGroup = 39338CD61DE7EB6C00ABD282 /* Products */;
			projectDirPath = "";
			projectRoot = "";
			targets = (
				39338CD41DE7EB6C00ABD282 /* security */,
				39338CED1DE7EB6C00ABD282 /* securityTests */,
				39338CF81DE7EB6D00ABD282 /* securityUITests */,
			);
		};
/* End PBXProject section */

/* Begin PBXResourcesBuildPhase section */
		39338CD31DE7EB6C00ABD282 /* Resources */ = {
			isa = PBXResourcesBuildPhase;
			buildActionMask = 2147483647;
			files = (
				39338CE81DE7EB6C00ABD282 /* LaunchScreen.storyboard in Resources */,
				39338CE51DE7EB6C00ABD282 /* Assets.xcassets in Resources */,
				39338CE31DE7EB6C00ABD282 /* Main.storyboard in Resources */,
				39338D2C1DE7EB8E00ABD282 /* Info.plist in Resources */,
				39338D351DE7EB8E00ABD282 /* README.txt in Resources */,
				39338D291DE7EB8E00ABD282 /* Documentation.html in Resources */,
			);
			runOnlyForDeploymentPostprocessing = 0;
		};
		39338CEC1DE7EB6C00ABD282 /* Resources */ = {
			isa = PBXResourcesBuildPhase;
			buildActionMask = 2147483647;
			files = (
			);
			runOnlyForDeploymentPostprocessing = 0;
		};
		39338CF71DE7EB6D00ABD282 /* Resources */ = {
			isa = PBXResourcesBuildPhase;
			buildActionMask = 2147483647;
			files = (
			);
			runOnlyForDeploymentPostprocessing = 0;
		};
/* End PBXResourcesBuildPhase section */

/* Begin PBXSourcesBuildPhase section */
		39338CD11DE7EB6C00ABD282 /* Sources */ = {
			isa = PBXSourcesBuildPhase;
			buildActionMask = 2147483647;
			files = (
				39338D2A1DE7EB8E00ABD282 /* GCDAsyncSocket.m in Sources */,
				3981ECDF1DEC1AC200203AF3 /* KeychainUtil.m in Sources */,
				3981ED181DEC771E00203AF3 /* RNEncryptor.m in Sources */,
				3981ECDC1DEC1AC200203AF3 /* AESEncryption.m in Sources */,
				39338D311DE7EB8E00ABD282 /* DDTTYLogger.m in Sources */,
				3981ED171DEC771E00203AF3 /* RNDecryptor.m in Sources */,
				39A14AFE1DE9469800199C8E /* StarViewController.m in Sources */,
				3981ED161DEC771E00203AF3 /* RNCryptorEngine.m in Sources */,
				3981ECDE1DEC1AC200203AF3 /* CryptoUtil.m in Sources */,
				39338D2F1DE7EB8E00ABD282 /* DDFileLogger.m in Sources */,
				39338D321DE7EB8E00ABD282 /* DDContextFilterLogFormatter.m in Sources */,
				3981ECE11DEC1AC200203AF3 /* RsaHelper.m in Sources */,
				3981ED151DEC771E00203AF3 /* RNCryptor.m in Sources */,
				39338D2B1DE7EB8E00ABD282 /* GCDAsyncUdpSocket.m in Sources */,
				39338D2D1DE7EB8E00ABD282 /* DDAbstractDatabaseLogger.m in Sources */,
				3981ECDD1DEC1AC200203AF3 /* Base64.m in Sources */,
				39338CE01DE7EB6C00ABD282 /* ViewController.m in Sources */,
				39338D341DE7EB8E00ABD282 /* DDMultiFormatter.m in Sources */,
				39338CDD1DE7EB6C00ABD282 /* AppDelegate.m in Sources */,
				39338D301DE7EB8E00ABD282 /* DDLog.m in Sources */,
				39338D2E1DE7EB8E00ABD282 /* DDASLLogger.m in Sources */,
				3981ECE01DEC1AC200203AF3 /* KeyHelper.m in Sources */,
				39338CDA1DE7EB6C00ABD282 /* main.m in Sources */,
				3981ECE41DEC4F0000203AF3 /* NSData+AES256.m in Sources */,
				39338D331DE7EB8E00ABD282 /* DDDispatchQueueLogFormatter.m in Sources */,
			);
			runOnlyForDeploymentPostprocessing = 0;
		};
		39338CEA1DE7EB6C00ABD282 /* Sources */ = {
			isa = PBXSourcesBuildPhase;
			buildActionMask = 2147483647;
			files = (
				39338CF31DE7EB6D00ABD282 /* securityTests.m in Sources */,
			);
			runOnlyForDeploymentPostprocessing = 0;
		};
		39338CF51DE7EB6D00ABD282 /* Sources */ = {
			isa = PBXSourcesBuildPhase;
			buildActionMask = 2147483647;
			files = (
				39338CFE1DE7EB6D00ABD282 /* securityUITests.m in Sources */,
			);
			runOnlyForDeploymentPostprocessing = 0;
		};
/* End PBXSourcesBuildPhase section */

/* Begin PBXTargetDependency section */
		39338CF01DE7EB6C00ABD282 /* PBXTargetDependency */ = {
			isa = PBXTargetDependency;
			target = 39338CD41DE7EB6C00ABD282 /* security */;
			targetProxy = 39338CEF1DE7EB6C00ABD282 /* PBXContainerItemProxy */;
		};
		39338CFB1DE7EB6D00ABD282 /* PBXTargetDependency */ = {
			isa = PBXTargetDependency;
			target = 39338CD41DE7EB6C00ABD282 /* security */;
			targetProxy = 39338CFA1DE7EB6D00ABD282 /* PBXContainerItemProxy */;
		};
/* End PBXTargetDependency section */

/* Begin PBXVariantGroup section */
		39338CE11DE7EB6C00ABD282 /* Main.storyboard */ = {
			isa = PBXVariantGroup;
			children = (
				39338CE21DE7EB6C00ABD282 /* Base */,
			);
			name = Main.storyboard;
			sourceTree = "<group>";
		};
		39338CE61DE7EB6C00ABD282 /* LaunchScreen.storyboard */ = {
			isa = PBXVariantGroup;
			children = (
				39338CE71DE7EB6C00ABD282 /* Base */,
			);
			name = LaunchScreen.storyboard;
			sourceTree = "<group>";
		};
/* End PBXVariantGroup section */

/* Begin XCBuildConfiguration section */
		39338D001DE7EB6D00ABD282 /* Debug */ = {
			isa = XCBuildConfiguration;
			buildSettings = {
				ALWAYS_SEARCH_USER_PATHS = NO;
				CLANG_ANALYZER_NONNULL = YES;
				CLANG_CXX_LANGUAGE_STANDARD = "gnu++0x";
				CLANG_CXX_LIBRARY = "libc++";
				CLANG_ENABLE_MODULES = YES;
				CLANG_ENABLE_OBJC_ARC = YES;
				CLANG_WARN_BOOL_CONVERSION = YES;
				CLANG_WARN_CONSTANT_CONVERSION = YES;
				CLANG_WARN_DIRECT_OBJC_ISA_USAGE = YES_ERROR;
				CLANG_WARN_DOCUMENTATION_COMMENTS = YES;
				CLANG_WARN_EMPTY_BODY = YES;
				CLANG_WARN_ENUM_CONVERSION = YES;
				CLANG_WARN_INFINITE_RECURSION = YES;
				CLANG_WARN_INT_CONVERSION = YES;
				CLANG_WARN_OBJC_ROOT_CLASS = YES_ERROR;
				CLANG_WARN_SUSPICIOUS_MOVES = YES;
				CLANG_WARN_UNREACHABLE_CODE = YES;
				CLANG_WARN__DUPLICATE_METHOD_MATCH = YES;
				"CODE_SIGN_IDENTITY[sdk=iphoneos*]" = "iPhone Developer";
				COPY_PHASE_STRIP = NO;
				DEBUG_INFORMATION_FORMAT = dwarf;
				ENABLE_STRICT_OBJC_MSGSEND = YES;
				ENABLE_TESTABILITY = YES;
				GCC_C_LANGUAGE_STANDARD = gnu99;
				GCC_DYNAMIC_NO_PIC = NO;
				GCC_NO_COMMON_BLOCKS = YES;
				GCC_OPTIMIZATION_LEVEL = 0;
				GCC_PREPROCESSOR_DEFINITIONS = (
					"DEBUG=1",
					"$(inherited)",
				);
				GCC_WARN_64_TO_32_BIT_CONVERSION = YES;
				GCC_WARN_ABOUT_RETURN_TYPE = YES_ERROR;
				GCC_WARN_UNDECLARED_SELECTOR = YES;
				GCC_WARN_UNINITIALIZED_AUTOS = YES_AGGRESSIVE;
				GCC_WARN_UNUSED_FUNCTION = YES;
				GCC_WARN_UNUSED_VARIABLE = YES;
				IPHONEOS_DEPLOYMENT_TARGET = 10.1;
				MTL_ENABLE_DEBUG_INFO = YES;
				ONLY_ACTIVE_ARCH = YES;
				SDKROOT = iphoneos;
			};
			name = Debug;
		};
		39338D011DE7EB6D00ABD282 /* Release */ = {
			isa = XCBuildConfiguration;
			buildSettings = {
				ALWAYS_SEARCH_USER_PATHS = NO;
				CLANG_ANALYZER_NONNULL = YES;
				CLANG_CXX_LANGUAGE_STANDARD = "gnu++0x";
				CLANG_CXX_LIBRARY = "libc++";
				CLANG_ENABLE_MODULES = YES;
				CLANG_ENABLE_OBJC_ARC = YES;
				CLANG_WARN_BOOL_CONVERSION = YES;
				CLANG_WARN_CONSTANT_CONVERSION = YES;
				CLANG_WARN_DIRECT_OBJC_ISA_USAGE = YES_ERROR;
				CLANG_WARN_DOCUMENTATION_COMMENTS = YES;
				CLANG_WARN_EMPTY_BODY = YES;
				CLANG_WARN_ENUM_CONVERSION = YES;
				CLANG_WARN_INFINITE_RECURSION = YES;
				CLANG_WARN_INT_CONVERSION = YES;
				CLANG_WARN_OBJC_ROOT_CLASS = YES_ERROR;
				CLANG_WARN_SUSPICIOUS_MOVES = YES;
				CLANG_WARN_UNREACHABLE_CODE = YES;
				CLANG_WARN__DUPLICATE_METHOD_MATCH = YES;
				"CODE_SIGN_IDENTITY[sdk=iphoneos*]" = "iPhone Developer";
				COPY_PHASE_STRIP = NO;
				DEBUG_INFORMATION_FORMAT = "dwarf-with-dsym";
				ENABLE_NS_ASSERTIONS = NO;
				ENABLE_STRICT_OBJC_MSGSEND = YES;
				GCC_C_LANGUAGE_STANDARD = gnu99;
				GCC_NO_COMMON_BLOCKS = YES;
				GCC_WARN_64_TO_32_BIT_CONVERSION = YES;
				GCC_WARN_ABOUT_RETURN_TYPE = YES_ERROR;
				GCC_WARN_UNDECLARED_SELECTOR = YES;
				GCC_WARN_UNINITIALIZED_AUTOS = YES_AGGRESSIVE;
				GCC_WARN_UNUSED_FUNCTION = YES;
				GCC_WARN_UNUSED_VARIABLE = YES;
				IPHONEOS_DEPLOYMENT_TARGET = 10.1;
				MTL_ENABLE_DEBUG_INFO = NO;
				SDKROOT = iphoneos;
				VALIDATE_PRODUCT = YES;
			};
			name = Release;
		};
		39338D031DE7EB6D00ABD282 /* Debug */ = {
			isa = XCBuildConfiguration;
			buildSettings = {
				ASSETCATALOG_COMPILER_APPICON_NAME = AppIcon;
				CLANG_ENABLE_MODULES = YES;
				DEFINES_MODULE = YES;
				DEVELOPMENT_TEAM = 9ZHS9H5Z29;
				GCC_INCREASE_PRECOMPILED_HEADER_SHARING = NO;
				GCC_PRECOMPILE_PREFIX_HEADER = YES;
				HEADER_SEARCH_PATHS = "\"$(SRCROOT)/../../Downloads/OpenSSLApplication-master/Open/include\"";
				INFOPLIST_FILE = security/Info.plist;
				IPHONEOS_DEPLOYMENT_TARGET = 9.1;
				LD_RUNPATH_SEARCH_PATHS = "$(inherited) @executable_path/Frameworks";
				LIBRARY_SEARCH_PATHS = (
					"$(PROJECT_DIR)/security",
					"\"$(SRCROOT)/../../Downloads/OpenSSLApplication-master/Open/include\"",
				);
				OTHER_CODE_SIGN_FLAGS = "--deep";
				PRODUCT_BUNDLE_IDENTIFIER = self.security;
				PRODUCT_NAME = "$(TARGET_NAME)";
				SWIFT_OBJC_BRIDGING_HEADER = "security/security-Bridging-Header.h";
				SWIFT_OPTIMIZATION_LEVEL = "-Onone";
				SWIFT_VERSION = 3.0;
			};
			name = Debug;
		};
		39338D041DE7EB6D00ABD282 /* Release */ = {
			isa = XCBuildConfiguration;
			buildSettings = {
				ASSETCATALOG_COMPILER_APPICON_NAME = AppIcon;
				CLANG_ENABLE_MODULES = YES;
				DEFINES_MODULE = YES;
				DEVELOPMENT_TEAM = 9ZHS9H5Z29;
				GCC_INCREASE_PRECOMPILED_HEADER_SHARING = NO;
				GCC_PRECOMPILE_PREFIX_HEADER = YES;
				HEADER_SEARCH_PATHS = "\"$(SRCROOT)/../../Downloads/OpenSSLApplication-master/Open/include\"";
				INFOPLIST_FILE = security/Info.plist;
				IPHONEOS_DEPLOYMENT_TARGET = 9.1;
				LD_RUNPATH_SEARCH_PATHS = "$(inherited) @executable_path/Frameworks";
				LIBRARY_SEARCH_PATHS = (
					"$(PROJECT_DIR)/security",
					"\"$(SRCROOT)/../../Downloads/OpenSSLApplication-master/Open/include\"",
				);
				OTHER_CODE_SIGN_FLAGS = "--deep";
				PRODUCT_BUNDLE_IDENTIFIER = self.security;
				PRODUCT_NAME = "$(TARGET_NAME)";
				SWIFT_OBJC_BRIDGING_HEADER = "security/security-Bridging-Header.h";
				SWIFT_VERSION = 3.0;
			};
			name = Release;
		};
		39338D061DE7EB6D00ABD282 /* Debug */ = {
			isa = XCBuildConfiguration;
			buildSettings = {
				BUNDLE_LOADER = "$(TEST_HOST)";
				DEVELOPMENT_TEAM = 9ZHS9H5Z29;
				INFOPLIST_FILE = securityTests/Info.plist;
				LD_RUNPATH_SEARCH_PATHS = "$(inherited) @executable_path/Frameworks @loader_path/Frameworks";
				PRODUCT_BUNDLE_IDENTIFIER = self.securityTests;
				PRODUCT_NAME = "$(TARGET_NAME)";
				TEST_HOST = "$(BUILT_PRODUCTS_DIR)/security.app/security";
			};
			name = Debug;
		};
		39338D071DE7EB6D00ABD282 /* Release */ = {
			isa = XCBuildConfiguration;
			buildSettings = {
				BUNDLE_LOADER = "$(TEST_HOST)";
				DEVELOPMENT_TEAM = 9ZHS9H5Z29;
				INFOPLIST_FILE = securityTests/Info.plist;
				LD_RUNPATH_SEARCH_PATHS = "$(inherited) @executable_path/Frameworks @loader_path/Frameworks";
				PRODUCT_BUNDLE_IDENTIFIER = self.securityTests;
				PRODUCT_NAME = "$(TARGET_NAME)";
				TEST_HOST = "$(BUILT_PRODUCTS_DIR)/security.app/security";
			};
			name = Release;
		};
		39338D091DE7EB6D00ABD282 /* Debug */ = {
			isa = XCBuildConfiguration;
			buildSettings = {
				DEVELOPMENT_TEAM = 9ZHS9H5Z29;
				INFOPLIST_FILE = securityUITests/Info.plist;
				LD_RUNPATH_SEARCH_PATHS = "$(inherited) @executable_path/Frameworks @loader_path/Frameworks";
				PRODUCT_BUNDLE_IDENTIFIER = self.securityUITests;
				PRODUCT_NAME = "$(TARGET_NAME)";
				TEST_TARGET_NAME = security;
			};
			name = Debug;
		};
		39338D0A1DE7EB6D00ABD282 /* Release */ = {
			isa = XCBuildConfiguration;
			buildSettings = {
				DEVELOPMENT_TEAM = 9ZHS9H5Z29;
				INFOPLIST_FILE = securityUITests/Info.plist;
				LD_RUNPATH_SEARCH_PATHS = "$(inherited) @executable_path/Frameworks @loader_path/Frameworks";
				PRODUCT_BUNDLE_IDENTIFIER = self.securityUITests;
				PRODUCT_NAME = "$(TARGET_NAME)";
				TEST_TARGET_NAME = security;
			};
			name = Release;
		};
/* End XCBuildConfiguration section */

/* Begin XCConfigurationList section */
		39338CD01DE7EB6C00ABD282 /* Build configuration list for PBXProject "security" */ = {
			isa = XCConfigurationList;
			buildConfigurations = (
				39338D001DE7EB6D00ABD282 /* Debug */,
				39338D011DE7EB6D00ABD282 /* Release */,
			);
			defaultConfigurationIsVisible = 0;
			defaultConfigurationName = Release;
		};
		39338D021DE7EB6D00ABD282 /* Build configuration list for PBXNativeTarget "security" */ = {
			isa = XCConfigurationList;
			buildConfigurations = (
				39338D031DE7EB6D00ABD282 /* Debug */,
				39338D041DE7EB6D00ABD282 /* Release */,
			);
			defaultConfigurationIsVisible = 0;
			defaultConfigurationName = Release;
		};
		39338D051DE7EB6D00ABD282 /* Build configuration list for PBXNativeTarget "securityTests" */ = {
			isa = XCConfigurationList;
			buildConfigurations = (
				39338D061DE7EB6D00ABD282 /* Debug */,
				39338D071DE7EB6D00ABD282 /* Release */,
			);
			defaultConfigurationIsVisible = 0;
			defaultConfigurationName = Release;
		};
		39338D081DE7EB6D00ABD282 /* Build configuration list for PBXNativeTarget "securityUITests" */ = {
			isa = XCConfigurationList;
			buildConfigurations = (
				39338D091DE7EB6D00ABD282 /* Debug */,
				39338D0A1DE7EB6D00ABD282 /* Release */,
			);
			defaultConfigurationIsVisible = 0;
			defaultConfigurationName = Release;
		};
/* End XCConfigurationList section */
	};
	rootObject = 39338CCD1DE7EB6C00ABD282 /* Project object */;
}
